
Microsoft Visual Studio Solution File, Format Version 12.00
# Visual Studio 15
VisualStudioVersion = 15.0.35213.121
MinimumVisualStudioVersion = 10.0.40219.1
Project("{FAE04EC0-301F-11D3-BF4B-00C04F79EFBC}") = "Proje_Hastane", "Proje_Hastane\Proje_Hastane.csproj", "{D9B82F7F-64B9-495A-A000-5BC9508DBF4A}"
EndProject
Project("{54435603-DBB4-11D2-8724-00A0C9A8B90C}") = "Hastane_Randevu_Sistemi_Setup", "Hastane_Randevu_Sistemi_Setup\Hastane_Randevu_Sistemi_Setup.vdproj", "{892A5D1A-0698-49B8-BBA4-C300FEF7FF13}"
EndProject
Global
	GlobalSection(SolutionConfigurationPlatforms) = preSolution
		Debug|Any CPU = Debug|Any CPU
		Release|Any CPU = Release|Any CPU
	EndGlobalSection
	GlobalSection(ProjectConfigurationPlatforms) = postSolution
		{D9B82F7F-64B9-495A-A000-5BC9508DBF4A}.Debug|Any CPU.ActiveCfg = Debug|Any CPU
		{D9B82F7F-64B9-495A-A000-5BC9508DBF4A}.Debug|Any CPU.Build.0 = Debug|Any CPU
		{D9B82F7F-64B9-495A-A000-5BC9508DBF4A}.Release|Any CPU.ActiveCfg = Release|Any CPU
		{D9B82F7F-64B9-495A-A000-5BC9508DBF4A}.Release|Any CPU.Build.0 = Release|Any CPU
		{892A5D1A-0698-49B8-BBA4-C300FEF7FF13}.Debug|Any CPU.ActiveCfg = Debug
		{892A5D1A-0698-49B8-BBA4-C300FEF7FF13}.Release|Any CPU.ActiveCfg = Release
	EndGlobalSection
	GlobalSection(SolutionProperties) = preSolution
		HideSolutionNode = FALSE
	EndGlobalSection
	GlobalSection(ExtensibilityGlobals) = postSolution
		SolutionGuid = {8EA270ED-4945-4633-9D05-3FAD38BE8289}
	EndGlobalSection
EndGlobal
