
Microsoft Visual Studio Solution File, Format Version 12.00
# Visual Studio Version 16
VisualStudioVersion = 16.0.31515.178
MinimumVisualStudioVersion = 10.0.40219.1
Project("{FAE04EC0-301F-11D3-BF4B-00C04F79EFBC}") = "Proje_Hastane", "Proje_Hastane\Proje_Hastane.csproj", "{D9B82F7F-64B9-495A-A000-5BC9508DBF4A}"
EndProject
Global
	GlobalSection(SolutionConfigurationPlatforms) = preSolution
		Debug|Any CPU = Debug|Any CPU
		Release|Any CPU = Release|Any CPU
	EndGlobalSection
	GlobalSection(ProjectConfigurationPlatforms) = postSolution
		{D9B82F7F-64B9-495A-A000-5BC9508DBF4A}.Debug|Any CPU.ActiveCfg = Debug|Any CPU
		{D9B82F7F-64B9-495A-A000-5BC9508DBF4A}.Debug|Any CPU.Build.0 = Debug|Any CPU
		{D9B82F7F-64B9-495A-A000-5BC9508DBF4A}.Release|Any CPU.ActiveCfg = Release|Any CPU
		{D9B82F7F-64B9-495A-A000-5BC9508DBF4A}.Release|Any CPU.Build.0 = Release|Any CPU
	EndGlobalSection
	GlobalSection(SolutionProperties) = preSolution
		HideSolutionNode = FALSE
	EndGlobalSection
	GlobalSection(ExtensibilityGlobals) = postSolution
		SolutionGuid = {8EA270ED-4945-4633-9D05-3FAD38BE8289}
	EndGlobalSection
EndGlobal
